
Microsoft Visual Studio Solution File, Format Version 12.00
# Visual Studio Version 16
VisualStudioVersion = 16.0.31911.196
MinimumVisualStudioVersion = 10.0.40219.1
Project("{FAE04EC0-301F-11D3-BF4B-00C04F79EFBC}") = "SGCR_Iberia", "SGCR_Iberia\SGCR_Iberia.csproj", "{439E4CE1-8AD6-4E8A-99A9-D479B348A063}"
EndProject
Global
	GlobalSection(SolutionConfigurationPlatforms) = preSolution
		Debug|Any CPU = Debug|Any CPU
		Release|Any CPU = Release|Any CPU
	EndGlobalSection
	GlobalSection(ProjectConfigurationPlatforms) = postSolution
		{439E4CE1-8AD6-4E8A-99A9-D479B348A063}.Debug|Any CPU.ActiveCfg = Debug|Any CPU
		{439E4CE1-8AD6-4E8A-99A9-D479B348A063}.Debug|Any CPU.Build.0 = Debug|Any CPU
		{439E4CE1-8AD6-4E8A-99A9-D479B348A063}.Release|Any CPU.ActiveCfg = Release|Any CPU
		{439E4CE1-8AD6-4E8A-99A9-D479B348A063}.Release|Any CPU.Build.0 = Release|Any CPU
	EndGlobalSection
	GlobalSection(SolutionProperties) = preSolution
		HideSolutionNode = FALSE
	EndGlobalSection
	GlobalSection(ExtensibilityGlobals) = postSolution
		SolutionGuid = {CC78B02D-FEA6-482D-9E90-796321403384}
	EndGlobalSection
EndGlobal
